<?xml version="1.0" encoding="utf-8"?>
<Project ToolsVersion="4.0" xmlns="http://schemas.microsoft.com/developer/msbuild/2003">
  <ItemGroup>
    <Filter Include="Source Files">
      <UniqueIdentifier>{4FC737F1-C7A5-4376-A066-2A32D752A2FF}</UniqueIdentifier>
      <Extensions>cpp;c;cc;cxx;def;odl;idl;hpj;bat;asm;asmx</Extensions>
    </Filter>
    <Filter Include="Header Files">
      <UniqueIdentifier>{93995380-89BD-4b04-88EB-625FBE52EBFB}</UniqueIdentifier>
      <Extensions>h;hpp;hxx;hm;inl;inc;xsd</Extensions>
    </Filter>
    <Filter Include="Header Files\CGame">
      <UniqueIdentifier>{53eebb81-11b0-43a2-87b8-1b4daac4c9e9}</UniqueIdentifier>
    </Filter>
    <Filter Include="Source Files\CGame">
      <UniqueIdentifier>{39b625e4-953c-48af-baa4-23b44f42bbc7}</UniqueIdentifier>
    </Filter>
    <Filter Include="Source Files\Global">
      <UniqueIdentifier>{ca272fa4-dc09-47d5-9f2a-6fd5a276567a}</UniqueIdentifier>
    </Filter>
    <Filter Include="Header Files\Global">
      <UniqueIdentifier>{4797ff31-2806-4f5a-8a28-bcb7388e71fe}</UniqueIdentifier>
    </Filter>
    <Filter Include="Header Files\Graphics">
      <UniqueIdentifier>{755f6d07-da5c-48a8-85a1-9a9c3d5f2b4a}</UniqueIdentifier>
    </Filter>
    <Filter Include="Source Files\Graphics">
      <UniqueIdentifier>{4b84bb9f-0f8e-4a6d-bec6-ae50d23c86b6}</UniqueIdentifier>
    </Filter>
    <Filter Include="Header Files\GameLog">
      <UniqueIdentifier>{86b8b8ff-2a5f-44ed-903e-3fefbdec0161}</UniqueIdentifier>
    </Filter>
    <Filter Include="Source Files\GameLog">
      <UniqueIdentifier>{de97d7f5-e32d-48b3-a18c-45bf0a4fd50a}</UniqueIdentifier>
    </Filter>
    <Filter Include="Header Files\Graphics\Sprite">
      <UniqueIdentifier>{0dba8b7d-bb1b-4275-9247-4da9a6392721}</UniqueIdentifier>
    </Filter>
    <Filter Include="Source Files\Graphics\Sprite">
      <UniqueIdentifier>{0b870841-b1ba-4b46-88e8-a45e38d205ae}</UniqueIdentifier>
    </Filter>
  </ItemGroup>
  <ItemGroup>
    <ClCompile Include="EntryPoint.cpp">
      <Filter>Source Files</Filter>
    </ClCompile>
    <ClCompile Include="CGame.cpp">
      <Filter>Source Files\CGame</Filter>
    </ClCompile>
    <ClCompile Include="CGlobal.cpp">
      <Filter>Source Files\Global</Filter>
    </ClCompile>
    <ClCompile Include="CTextureDx9.cpp">
      <Filter>Source Files\Graphics</Filter>
    </ClCompile>
    <ClCompile Include="GameLog.cpp">
      <Filter>Source Files\GameLog</Filter>
    </ClCompile>
    <ClCompile Include="RectangleDx9.cpp">
      <Filter>Source Files\Graphics</Filter>
    </ClCompile>
    <ClCompile Include="VectorDx9.cpp">
      <Filter>Source Files\Graphics</Filter>
    </ClCompile>
    <ClCompile Include="CSurfaceDx9.cpp">
      <Filter>Source Files\Graphics</Filter>
    </ClCompile>
    <ClCompile Include="CSpriteDx9.cpp">
      <Filter>Source Files\Graphics\Sprite</Filter>
    </ClCompile>
    <ClCompile Include="CAnimationDx9.cpp">
      <Filter>Source Files\Graphics\Sprite</Filter>
    </ClCompile>
    <ClCompile Include="CGameTimeDx9.cpp">
      <Filter>Source Files\CGame</Filter>
    </ClCompile>
    <ClCompile Include="CTimeSpanDx9.cpp">
      <Filter>Source Files\CGame</Filter>
    </ClCompile>
  </ItemGroup>
  <ItemGroup>
    <ClInclude Include="CGame.h">
      <Filter>Header Files\CGame</Filter>
    </ClInclude>
    <ClInclude Include="CGlobal.h">
      <Filter>Header Files\Global</Filter>
    </ClInclude>
    <ClInclude Include="CSurfaceDx9.h">
      <Filter>Header Files\Graphics</Filter>
    </ClInclude>
    <ClInclude Include="CTextureDx9.h">
      <Filter>Header Files\Graphics</Filter>
    </ClInclude>
    <ClInclude Include="GameLog.h">
      <Filter>Header Files\GameLog</Filter>
    </ClInclude>
    <ClInclude Include="RectangleDx9.h">
      <Filter>Header Files\Graphics</Filter>
    </ClInclude>
    <ClInclude Include="VectorDx9.h">
      <Filter>Header Files\Graphics</Filter>
    </ClInclude>
    <ClInclude Include="CSpriteDx9.h">
      <Filter>Header Files\Graphics\Sprite</Filter>
    </ClInclude>
    <ClInclude Include="CAnimationDx9.h">
      <Filter>Header Files\Graphics\Sprite</Filter>
    </ClInclude>
    <ClInclude Include="CGameTimeDx9.h">
      <Filter>Header Files\CGame</Filter>
    </ClInclude>
    <ClInclude Include="CTimeSpanDx9.h">
      <Filter>Header Files\CGame</Filter>
    </ClInclude>
  </ItemGroup>
</Project>